
Microsoft Visual Studio Solution File, Format Version 12.00
# Visual Studio Version 17
VisualStudioVersion = 17.5.002.0
MinimumVisualStudioVersion = 10.0.40219.1
Project("{9A19103F-16F7-4668-BE54-9A1E7A4F7556}") = "VimsAPI", "VimsAPI.csproj", "{148F6CA7-3D32-4A91-9C24-77EF8DBDDF64}"
EndProject
Global
	GlobalSection(SolutionConfigurationPlatforms) = preSolution
		Debug|Any CPU = Debug|Any CPU
		Release|Any CPU = Release|Any CPU
	EndGlobalSection
	GlobalSection(ProjectConfigurationPlatforms) = postSolution
		{148F6CA7-3D32-4A91-9C24-77EF8DBDDF64}.Debug|Any CPU.ActiveCfg = Debug|Any CPU
		{148F6CA7-3D32-4A91-9C24-77EF8DBDDF64}.Debug|Any CPU.Build.0 = Debug|Any CPU
		{148F6CA7-3D32-4A91-9C24-77EF8DBDDF64}.Release|Any CPU.ActiveCfg = Release|Any CPU
		{148F6CA7-3D32-4A91-9C24-77EF8DBDDF64}.Release|Any CPU.Build.0 = Release|Any CPU
	EndGlobalSection
	GlobalSection(SolutionProperties) = preSolution
		HideSolutionNode = FALSE
	EndGlobalSection
	GlobalSection(ExtensibilityGlobals) = postSolution
		SolutionGuid = {42269F4F-EF00-4CCF-9422-170FE3661596}
	EndGlobalSection
EndGlobal
